
Microsoft Visual Studio Solution File, Format Version 12.00
# Visual Studio Version 17
VisualStudioVersion = 17.2.32616.157
MinimumVisualStudioVersion = 10.0.40219.1
Project("{FAE04EC0-301F-11D3-BF4B-00C04F79EFBC}") = "DesafioEntregable1", "DesafioEntregable1\DesafioEntregable1.csproj", "{24C590C8-9F22-435F-93FE-3F815826CF3E}"
EndProject
Global
	GlobalSection(SolutionConfigurationPlatforms) = preSolution
		Debug|Any CPU = Debug|Any CPU
		Release|Any CPU = Release|Any CPU
	EndGlobalSection
	GlobalSection(ProjectConfigurationPlatforms) = postSolution
		{24C590C8-9F22-435F-93FE-3F815826CF3E}.Debug|Any CPU.ActiveCfg = Debug|Any CPU
		{24C590C8-9F22-435F-93FE-3F815826CF3E}.Debug|Any CPU.Build.0 = Debug|Any CPU
		{24C590C8-9F22-435F-93FE-3F815826CF3E}.Release|Any CPU.ActiveCfg = Release|Any CPU
		{24C590C8-9F22-435F-93FE-3F815826CF3E}.Release|Any CPU.Build.0 = Release|Any CPU
	EndGlobalSection
	GlobalSection(SolutionProperties) = preSolution
		HideSolutionNode = FALSE
	EndGlobalSection
	GlobalSection(ExtensibilityGlobals) = postSolution
		SolutionGuid = {3D841460-6E00-4F65-BE0B-5534DD81C736}
	EndGlobalSection
EndGlobal
